
Microsoft Visual Studio Solution File, Format Version 12.00
# Visual Studio Version 16
VisualStudioVersion = 16.0.31321.278
MinimumVisualStudioVersion = 10.0.40219.1
Project("{FAE04EC0-301F-11D3-BF4B-00C04F79EFBC}") = "Investment.Business", "Investment.Business\Investment.Business.csproj", "{591C6317-395B-4998-8080-E851185C52CD}"
EndProject
Global
	GlobalSection(SolutionConfigurationPlatforms) = preSolution
		Debug|Any CPU = Debug|Any CPU
		Release|Any CPU = Release|Any CPU
	EndGlobalSection
	GlobalSection(ProjectConfigurationPlatforms) = postSolution
		{591C6317-395B-4998-8080-E851185C52CD}.Debug|Any CPU.ActiveCfg = Debug|Any CPU
		{591C6317-395B-4998-8080-E851185C52CD}.Debug|Any CPU.Build.0 = Debug|Any CPU
		{591C6317-395B-4998-8080-E851185C52CD}.Release|Any CPU.ActiveCfg = Release|Any CPU
		{591C6317-395B-4998-8080-E851185C52CD}.Release|Any CPU.Build.0 = Release|Any CPU
	EndGlobalSection
	GlobalSection(SolutionProperties) = preSolution
		HideSolutionNode = FALSE
	EndGlobalSection
	GlobalSection(ExtensibilityGlobals) = postSolution
		SolutionGuid = {0D691BCF-39E3-42CA-B440-5C2C11243678}
	EndGlobalSection
EndGlobal
